
Microsoft Visual Studio Solution File, Format Version 12.00
# Visual Studio 15
VisualStudioVersion = 15.0.27703.2035
MinimumVisualStudioVersion = 10.0.40219.1
Project("{FAE04EC0-301F-11D3-BF4B-00C04F79EFBC}") = "MonitorSwitch", "MonitorSwitch\MonitorSwitch.csproj", "{E5792A24-BA16-4CDB-B604-FA15A46933B7}"
EndProject
Global
	GlobalSection(SolutionConfigurationPlatforms) = preSolution
		Debug|Any CPU = Debug|Any CPU
		Release|Any CPU = Release|Any CPU
	EndGlobalSection
	GlobalSection(ProjectConfigurationPlatforms) = postSolution
		{E5792A24-BA16-4CDB-B604-FA15A46933B7}.Debug|Any CPU.ActiveCfg = Debug|Any CPU
		{E5792A24-BA16-4CDB-B604-FA15A46933B7}.Debug|Any CPU.Build.0 = Debug|Any CPU
		{E5792A24-BA16-4CDB-B604-FA15A46933B7}.Release|Any CPU.ActiveCfg = Release|Any CPU
		{E5792A24-BA16-4CDB-B604-FA15A46933B7}.Release|Any CPU.Build.0 = Release|Any CPU
	EndGlobalSection
	GlobalSection(SolutionProperties) = preSolution
		HideSolutionNode = FALSE
	EndGlobalSection
	GlobalSection(ExtensibilityGlobals) = postSolution
		SolutionGuid = {6D55CFD5-A7C9-4C38-8C43-5C191C09EE3A}
	EndGlobalSection
EndGlobal
